
Microsoft Visual Studio Solution File, Format Version 12.00
# Visual Studio 15
VisualStudioVersion = 15.0.28010.2041
MinimumVisualStudioVersion = 10.0.40219.1
Project("{9A19103F-16F7-4668-BE54-9A1E7A4F7556}") = "DNSPod4NETCore2", "DNSPod4NETCore2\DNSPod4NETCore2.csproj", "{09805BAB-A4A3-48F3-9920-4C4803510C3E}"
EndProject
Project("{9A19103F-16F7-4668-BE54-9A1E7A4F7556}") = "DNSPod4NETCore2.Cli", "DNSPod4NETCore2.Cli\DNSPod4NETCore2.Cli.csproj", "{F796AE3B-C763-46EC-A975-6AC889063982}"
EndProject
Project("{FAE04EC0-301F-11D3-BF4B-00C04F79EFBC}") = "DNSPod4NETCore2.Web", "DNSPod4NETCore2.Web\DNSPod4NETCore2.Web.csproj", "{871BE390-0822-412E-BEE9-D3CD729BCED3}"
EndProject
Global
	GlobalSection(SolutionConfigurationPlatforms) = preSolution
		Debug|Any CPU = Debug|Any CPU
		Release|Any CPU = Release|Any CPU
	EndGlobalSection
	GlobalSection(ProjectConfigurationPlatforms) = postSolution
		{09805BAB-A4A3-48F3-9920-4C4803510C3E}.Debug|Any CPU.ActiveCfg = Debug|Any CPU
		{09805BAB-A4A3-48F3-9920-4C4803510C3E}.Debug|Any CPU.Build.0 = Debug|Any CPU
		{09805BAB-A4A3-48F3-9920-4C4803510C3E}.Release|Any CPU.ActiveCfg = Release|Any CPU
		{09805BAB-A4A3-48F3-9920-4C4803510C3E}.Release|Any CPU.Build.0 = Release|Any CPU
		{F796AE3B-C763-46EC-A975-6AC889063982}.Debug|Any CPU.ActiveCfg = Debug|Any CPU
		{F796AE3B-C763-46EC-A975-6AC889063982}.Debug|Any CPU.Build.0 = Debug|Any CPU
		{F796AE3B-C763-46EC-A975-6AC889063982}.Release|Any CPU.ActiveCfg = Release|Any CPU
		{F796AE3B-C763-46EC-A975-6AC889063982}.Release|Any CPU.Build.0 = Release|Any CPU
		{871BE390-0822-412E-BEE9-D3CD729BCED3}.Debug|Any CPU.ActiveCfg = Debug|Any CPU
		{871BE390-0822-412E-BEE9-D3CD729BCED3}.Debug|Any CPU.Build.0 = Debug|Any CPU
		{871BE390-0822-412E-BEE9-D3CD729BCED3}.Release|Any CPU.ActiveCfg = Release|Any CPU
		{871BE390-0822-412E-BEE9-D3CD729BCED3}.Release|Any CPU.Build.0 = Release|Any CPU
	EndGlobalSection
	GlobalSection(SolutionProperties) = preSolution
		HideSolutionNode = FALSE
	EndGlobalSection
	GlobalSection(ExtensibilityGlobals) = postSolution
		SolutionGuid = {0B7B139D-46A6-43A9-A3C4-38481F76378B}
	EndGlobalSection
EndGlobal
